
Microsoft Visual Studio Solution File, Format Version 12.00
# Visual Studio Version 17
VisualStudioVersion = 17.13.35931.197 d17.13
MinimumVisualStudioVersion = 10.0.40219.1
Project("{FAE04EC0-301F-11D3-BF4B-00C04F79EFBC}") = "TaskManager_Shashin", "TaskManager_Shashin\TaskManager_Shashin.csproj", "{A50099B9-406B-4ED1-8C03-3C5D76BEFC49}"
EndProject
Global
	GlobalSection(SolutionConfigurationPlatforms) = preSolution
		Debug|Any CPU = Debug|Any CPU
		Release|Any CPU = Release|Any CPU
	EndGlobalSection
	GlobalSection(ProjectConfigurationPlatforms) = postSolution
		{A50099B9-406B-4ED1-8C03-3C5D76BEFC49}.Debug|Any CPU.ActiveCfg = Debug|Any CPU
		{A50099B9-406B-4ED1-8C03-3C5D76BEFC49}.Debug|Any CPU.Build.0 = Debug|Any CPU
		{A50099B9-406B-4ED1-8C03-3C5D76BEFC49}.Release|Any CPU.ActiveCfg = Release|Any CPU
		{A50099B9-406B-4ED1-8C03-3C5D76BEFC49}.Release|Any CPU.Build.0 = Release|Any CPU
	EndGlobalSection
	GlobalSection(SolutionProperties) = preSolution
		HideSolutionNode = FALSE
	EndGlobalSection
	GlobalSection(ExtensibilityGlobals) = postSolution
		SolutionGuid = {3FB48930-3EAE-46AC-8747-A1D027D720BC}
	EndGlobalSection
EndGlobal
